
Microsoft Visual Studio Solution File, Format Version 12.00
# Visual Studio Version 16
VisualStudioVersion = 16.0.30011.22
MinimumVisualStudioVersion = 10.0.40219.1
Project("{FAE04EC0-301F-11D3-BF4B-00C04F79EFBC}") = "ASPNET_Core_WebAPI", "ASPNET_Core_WebAPI\ASPNET_Core_WebAPI.csproj", "{4436304F-0D20-45D6-A5B7-FED9ED36E45E}"
EndProject
Global
	GlobalSection(SolutionConfigurationPlatforms) = preSolution
		Debug|Any CPU = Debug|Any CPU
		Release|Any CPU = Release|Any CPU
	EndGlobalSection
	GlobalSection(ProjectConfigurationPlatforms) = postSolution
		{4436304F-0D20-45D6-A5B7-FED9ED36E45E}.Debug|Any CPU.ActiveCfg = Debug|Any CPU
		{4436304F-0D20-45D6-A5B7-FED9ED36E45E}.Debug|Any CPU.Build.0 = Debug|Any CPU
		{4436304F-0D20-45D6-A5B7-FED9ED36E45E}.Release|Any CPU.ActiveCfg = Release|Any CPU
		{4436304F-0D20-45D6-A5B7-FED9ED36E45E}.Release|Any CPU.Build.0 = Release|Any CPU
	EndGlobalSection
	GlobalSection(SolutionProperties) = preSolution
		HideSolutionNode = FALSE
	EndGlobalSection
	GlobalSection(ExtensibilityGlobals) = postSolution
		SolutionGuid = {B6EAA5F5-5EEE-443F-A5F8-9A57E3A7E9FB}
	EndGlobalSection
EndGlobal
